
Microsoft Visual Studio Solution File, Format Version 12.00
# Visual Studio Version 17
VisualStudioVersion = 17.0.31903.59
MinimumVisualStudioVersion = 10.0.40219.1
Project("{FAE04EC0-301F-11D3-BF4B-00C04F79EFBC}") = "Koine.Domain", "src\Koine.Domain\Koine.Domain.csproj", "{08157AD8-066E-4A3D-AAD3-CDB167606DFF}"
EndProject
Project("{FAE04EC0-301F-11D3-BF4B-00C04F79EFBC}") = "Koine.Application", "src\Koine.Application\Koine.Application.csproj", "{1DAD3FE0-81E5-4871-BDFD-23451450641A}"
EndProject
Project("{FAE04EC0-301F-11D3-BF4B-00C04F79EFBC}") = "Koine.Infrastructure", "src\Koine.Infrastructure\Koine.Infrastructure.csproj", "{67B9AEF2-AD75-4293-AC54-9F9B387F5FA3}"
EndProject
Project("{FAE04EC0-301F-11D3-BF4B-00C04F79EFBC}") = "Koine.API", "src\Koine.API\Koine.API.csproj", "{E68C28B5-5BC6-45AD-9C35-99609CF896D0}"
EndProject
Project("{FAE04EC0-301F-11D3-BF4B-00C04F79EFBC}") = "Koine.Tests", "tests\Koine.Tests\Koine.Tests.csproj", "{950A9D75-AB96-4B30-B014-715DFFFF8DF1}"
EndProject
Project("{2150E333-8FDC-42A3-9474-1A3956D46DE8}") = "tests", "tests", "{0AB3BF05-4346-4AA6-1389-037BE0695223}"
EndProject
Project("{FAE04EC0-301F-11D3-BF4B-00C04F79EFBC}") = "Koine.IntegrationTests", "tests\Koine.IntegrationTests\Koine.IntegrationTests.csproj", "{6EA1BC7C-996F-4EAC-BCA7-20FF5AC26891}"
EndProject
Project("{2150E333-8FDC-42A3-9474-1A3956D46DE8}") = "src", "src", "{827E0CD3-B72D-47B6-A68D-7590B98EB39B}"
EndProject
Global
	GlobalSection(SolutionConfigurationPlatforms) = preSolution
		Debug|Any CPU = Debug|Any CPU
		Debug|x64 = Debug|x64
		Debug|x86 = Debug|x86
		Release|Any CPU = Release|Any CPU
		Release|x64 = Release|x64
		Release|x86 = Release|x86
	EndGlobalSection
	GlobalSection(ProjectConfigurationPlatforms) = postSolution
		{08157AD8-066E-4A3D-AAD3-CDB167606DFF}.Debug|Any CPU.ActiveCfg = Debug|Any CPU
		{08157AD8-066E-4A3D-AAD3-CDB167606DFF}.Debug|Any CPU.Build.0 = Debug|Any CPU
		{08157AD8-066E-4A3D-AAD3-CDB167606DFF}.Debug|x64.ActiveCfg = Debug|Any CPU
		{08157AD8-066E-4A3D-AAD3-CDB167606DFF}.Debug|x64.Build.0 = Debug|Any CPU
		{08157AD8-066E-4A3D-AAD3-CDB167606DFF}.Debug|x86.ActiveCfg = Debug|Any CPU
		{08157AD8-066E-4A3D-AAD3-CDB167606DFF}.Debug|x86.Build.0 = Debug|Any CPU
		{08157AD8-066E-4A3D-AAD3-CDB167606DFF}.Release|Any CPU.ActiveCfg = Release|Any CPU
		{08157AD8-066E-4A3D-AAD3-CDB167606DFF}.Release|Any CPU.Build.0 = Release|Any CPU
		{08157AD8-066E-4A3D-AAD3-CDB167606DFF}.Release|x64.ActiveCfg = Release|Any CPU
		{08157AD8-066E-4A3D-AAD3-CDB167606DFF}.Release|x64.Build.0 = Release|Any CPU
		{08157AD8-066E-4A3D-AAD3-CDB167606DFF}.Release|x86.ActiveCfg = Release|Any CPU
		{08157AD8-066E-4A3D-AAD3-CDB167606DFF}.Release|x86.Build.0 = Release|Any CPU
		{1DAD3FE0-81E5-4871-BDFD-23451450641A}.Debug|Any CPU.ActiveCfg = Debug|Any CPU
		{1DAD3FE0-81E5-4871-BDFD-23451450641A}.Debug|Any CPU.Build.0 = Debug|Any CPU
		{1DAD3FE0-81E5-4871-BDFD-23451450641A}.Debug|x64.ActiveCfg = Debug|Any CPU
		{1DAD3FE0-81E5-4871-BDFD-23451450641A}.Debug|x64.Build.0 = Debug|Any CPU
		{1DAD3FE0-81E5-4871-BDFD-23451450641A}.Debug|x86.ActiveCfg = Debug|Any CPU
		{1DAD3FE0-81E5-4871-BDFD-23451450641A}.Debug|x86.Build.0 = Debug|Any CPU
		{1DAD3FE0-81E5-4871-BDFD-23451450641A}.Release|Any CPU.ActiveCfg = Release|Any CPU
		{1DAD3FE0-81E5-4871-BDFD-23451450641A}.Release|Any CPU.Build.0 = Release|Any CPU
		{1DAD3FE0-81E5-4871-BDFD-23451450641A}.Release|x64.ActiveCfg = Release|Any CPU
		{1DAD3FE0-81E5-4871-BDFD-23451450641A}.Release|x64.Build.0 = Release|Any CPU
		{1DAD3FE0-81E5-4871-BDFD-23451450641A}.Release|x86.ActiveCfg = Release|Any CPU
		{1DAD3FE0-81E5-4871-BDFD-23451450641A}.Release|x86.Build.0 = Release|Any CPU
		{67B9AEF2-AD75-4293-AC54-9F9B387F5FA3}.Debug|Any CPU.ActiveCfg = Debug|Any CPU
		{67B9AEF2-AD75-4293-AC54-9F9B387F5FA3}.Debug|Any CPU.Build.0 = Debug|Any CPU
		{67B9AEF2-AD75-4293-AC54-9F9B387F5FA3}.Debug|x64.ActiveCfg = Debug|Any CPU
		{67B9AEF2-AD75-4293-AC54-9F9B387F5FA3}.Debug|x64.Build.0 = Debug|Any CPU
		{67B9AEF2-AD75-4293-AC54-9F9B387F5FA3}.Debug|x86.ActiveCfg = Debug|Any CPU
		{67B9AEF2-AD75-4293-AC54-9F9B387F5FA3}.Debug|x86.Build.0 = Debug|Any CPU
		{67B9AEF2-AD75-4293-AC54-9F9B387F5FA3}.Release|Any CPU.ActiveCfg = Release|Any CPU
		{67B9AEF2-AD75-4293-AC54-9F9B387F5FA3}.Release|Any CPU.Build.0 = Release|Any CPU
		{67B9AEF2-AD75-4293-AC54-9F9B387F5FA3}.Release|x64.ActiveCfg = Release|Any CPU
		{67B9AEF2-AD75-4293-AC54-9F9B387F5FA3}.Release|x64.Build.0 = Release|Any CPU
		{67B9AEF2-AD75-4293-AC54-9F9B387F5FA3}.Release|x86.ActiveCfg = Release|Any CPU
		{67B9AEF2-AD75-4293-AC54-9F9B387F5FA3}.Release|x86.Build.0 = Release|Any CPU
		{E68C28B5-5BC6-45AD-9C35-99609CF896D0}.Debug|Any CPU.ActiveCfg = Debug|Any CPU
		{E68C28B5-5BC6-45AD-9C35-99609CF896D0}.Debug|Any CPU.Build.0 = Debug|Any CPU
		{E68C28B5-5BC6-45AD-9C35-99609CF896D0}.Debug|x64.ActiveCfg = Debug|Any CPU
		{E68C28B5-5BC6-45AD-9C35-99609CF896D0}.Debug|x64.Build.0 = Debug|Any CPU
		{E68C28B5-5BC6-45AD-9C35-99609CF896D0}.Debug|x86.ActiveCfg = Debug|Any CPU
		{E68C28B5-5BC6-45AD-9C35-99609CF896D0}.Debug|x86.Build.0 = Debug|Any CPU
		{E68C28B5-5BC6-45AD-9C35-99609CF896D0}.Release|Any CPU.ActiveCfg = Release|Any CPU
		{E68C28B5-5BC6-45AD-9C35-99609CF896D0}.Release|Any CPU.Build.0 = Release|Any CPU
		{E68C28B5-5BC6-45AD-9C35-99609CF896D0}.Release|x64.ActiveCfg = Release|Any CPU
		{E68C28B5-5BC6-45AD-9C35-99609CF896D0}.Release|x64.Build.0 = Release|Any CPU
		{E68C28B5-5BC6-45AD-9C35-99609CF896D0}.Release|x86.ActiveCfg = Release|Any CPU
		{E68C28B5-5BC6-45AD-9C35-99609CF896D0}.Release|x86.Build.0 = Release|Any CPU
		{950A9D75-AB96-4B30-B014-715DFFFF8DF1}.Debug|Any CPU.ActiveCfg = Debug|Any CPU
		{950A9D75-AB96-4B30-B014-715DFFFF8DF1}.Debug|Any CPU.Build.0 = Debug|Any CPU
		{950A9D75-AB96-4B30-B014-715DFFFF8DF1}.Debug|x64.ActiveCfg = Debug|Any CPU
		{950A9D75-AB96-4B30-B014-715DFFFF8DF1}.Debug|x64.Build.0 = Debug|Any CPU
		{950A9D75-AB96-4B30-B014-715DFFFF8DF1}.Debug|x86.ActiveCfg = Debug|Any CPU
		{950A9D75-AB96-4B30-B014-715DFFFF8DF1}.Debug|x86.Build.0 = Debug|Any CPU
		{950A9D75-AB96-4B30-B014-715DFFFF8DF1}.Release|Any CPU.ActiveCfg = Release|Any CPU
		{950A9D75-AB96-4B30-B014-715DFFFF8DF1}.Release|Any CPU.Build.0 = Release|Any CPU
		{950A9D75-AB96-4B30-B014-715DFFFF8DF1}.Release|x64.ActiveCfg = Release|Any CPU
		{950A9D75-AB96-4B30-B014-715DFFFF8DF1}.Release|x64.Build.0 = Release|Any CPU
		{950A9D75-AB96-4B30-B014-715DFFFF8DF1}.Release|x86.ActiveCfg = Release|Any CPU
		{950A9D75-AB96-4B30-B014-715DFFFF8DF1}.Release|x86.Build.0 = Release|Any CPU
		{6EA1BC7C-996F-4EAC-BCA7-20FF5AC26891}.Debug|Any CPU.ActiveCfg = Debug|Any CPU
		{6EA1BC7C-996F-4EAC-BCA7-20FF5AC26891}.Debug|Any CPU.Build.0 = Debug|Any CPU
		{6EA1BC7C-996F-4EAC-BCA7-20FF5AC26891}.Debug|x64.ActiveCfg = Debug|Any CPU
		{6EA1BC7C-996F-4EAC-BCA7-20FF5AC26891}.Debug|x64.Build.0 = Debug|Any CPU
		{6EA1BC7C-996F-4EAC-BCA7-20FF5AC26891}.Debug|x86.ActiveCfg = Debug|Any CPU
		{6EA1BC7C-996F-4EAC-BCA7-20FF5AC26891}.Debug|x86.Build.0 = Debug|Any CPU
		{6EA1BC7C-996F-4EAC-BCA7-20FF5AC26891}.Release|Any CPU.ActiveCfg = Release|Any CPU
		{6EA1BC7C-996F-4EAC-BCA7-20FF5AC26891}.Release|Any CPU.Build.0 = Release|Any CPU
		{6EA1BC7C-996F-4EAC-BCA7-20FF5AC26891}.Release|x64.ActiveCfg = Release|Any CPU
		{6EA1BC7C-996F-4EAC-BCA7-20FF5AC26891}.Release|x64.Build.0 = Release|Any CPU
		{6EA1BC7C-996F-4EAC-BCA7-20FF5AC26891}.Release|x86.ActiveCfg = Release|Any CPU
		{6EA1BC7C-996F-4EAC-BCA7-20FF5AC26891}.Release|x86.Build.0 = Release|Any CPU
	EndGlobalSection
	GlobalSection(SolutionProperties) = preSolution
		HideSolutionNode = FALSE
	EndGlobalSection
	GlobalSection(NestedProjects) = preSolution
		{6EA1BC7C-996F-4EAC-BCA7-20FF5AC26891} = {0AB3BF05-4346-4AA6-1389-037BE0695223}
	EndGlobalSection
EndGlobal
